
Microsoft Visual Studio Solution File, Format Version 12.00
# Visual Studio Version 16
VisualStudioVersion = 16.0.32228.343
MinimumVisualStudioVersion = 10.0.40219.1
Project("{FAE04EC0-301F-11D3-BF4B-00C04F79EFBC}") = "Projekt_Lombard_1", "Projekt_Lombard_1\Projekt_Lombard_1.csproj", "{167B0C4E-541E-4CE1-B626-C66E14AE29D0}"
EndProject
Global
	GlobalSection(SolutionConfigurationPlatforms) = preSolution
		Debug|Any CPU = Debug|Any CPU
		Release|Any CPU = Release|Any CPU
	EndGlobalSection
	GlobalSection(ProjectConfigurationPlatforms) = postSolution
		{167B0C4E-541E-4CE1-B626-C66E14AE29D0}.Debug|Any CPU.ActiveCfg = Debug|Any CPU
		{167B0C4E-541E-4CE1-B626-C66E14AE29D0}.Debug|Any CPU.Build.0 = Debug|Any CPU
		{167B0C4E-541E-4CE1-B626-C66E14AE29D0}.Release|Any CPU.ActiveCfg = Release|Any CPU
		{167B0C4E-541E-4CE1-B626-C66E14AE29D0}.Release|Any CPU.Build.0 = Release|Any CPU
	EndGlobalSection
	GlobalSection(SolutionProperties) = preSolution
		HideSolutionNode = FALSE
	EndGlobalSection
	GlobalSection(ExtensibilityGlobals) = postSolution
		SolutionGuid = {C63DEF07-F4F7-4274-A81C-BB832A7525E2}
	EndGlobalSection
EndGlobal
